
Microsoft Visual Studio Solution File, Format Version 12.00
# Visual Studio Version 17
VisualStudioVersion = 17.7.34018.315
MinimumVisualStudioVersion = 10.0.40219.1
Project("{FAE04EC0-301F-11D3-BF4B-00C04F79EFBC}") = "Pentashop_Teszt_Fekete_Miklos", "Pentashop_Teszt_Fekete_Miklos.csproj", "{A01FCC7E-6575-4D1F-B40E-D0A011052D3D}"
EndProject
Global
	GlobalSection(SolutionConfigurationPlatforms) = preSolution
		Debug|Any CPU = Debug|Any CPU
		Release|Any CPU = Release|Any CPU
	EndGlobalSection
	GlobalSection(ProjectConfigurationPlatforms) = postSolution
		{A01FCC7E-6575-4D1F-B40E-D0A011052D3D}.Debug|Any CPU.ActiveCfg = Debug|Any CPU
		{A01FCC7E-6575-4D1F-B40E-D0A011052D3D}.Debug|Any CPU.Build.0 = Debug|Any CPU
		{A01FCC7E-6575-4D1F-B40E-D0A011052D3D}.Release|Any CPU.ActiveCfg = Release|Any CPU
		{A01FCC7E-6575-4D1F-B40E-D0A011052D3D}.Release|Any CPU.Build.0 = Release|Any CPU
	EndGlobalSection
	GlobalSection(SolutionProperties) = preSolution
		HideSolutionNode = FALSE
	EndGlobalSection
	GlobalSection(ExtensibilityGlobals) = postSolution
		SolutionGuid = {3544B7C5-BACD-4B67-B288-BFECD7F5030F}
	EndGlobalSection
EndGlobal
